
Microsoft Visual Studio Solution File, Format Version 12.00
# Visual Studio Version 16
VisualStudioVersion = 16.0.30503.244
MinimumVisualStudioVersion = 10.0.40219.1
Project("{FAE04EC0-301F-11D3-BF4B-00C04F79EFBC}") = "Funzioni", "Funzioni\Funzioni.csproj", "{162A2B9D-A456-4779-A6C9-A19D6BF9C095}"
EndProject
Project("{FAE04EC0-301F-11D3-BF4B-00C04F79EFBC}") = "Prova funzioni", "Prova funzioni\Prova funzioni.csproj", "{C37983F7-672D-4C52-A1B9-C4D0C27FE8A2}"
EndProject
Global
	GlobalSection(SolutionConfigurationPlatforms) = preSolution
		Debug|Any CPU = Debug|Any CPU
		Release|Any CPU = Release|Any CPU
	EndGlobalSection
	GlobalSection(ProjectConfigurationPlatforms) = postSolution
		{162A2B9D-A456-4779-A6C9-A19D6BF9C095}.Debug|Any CPU.ActiveCfg = Debug|Any CPU
		{162A2B9D-A456-4779-A6C9-A19D6BF9C095}.Debug|Any CPU.Build.0 = Debug|Any CPU
		{162A2B9D-A456-4779-A6C9-A19D6BF9C095}.Release|Any CPU.ActiveCfg = Release|Any CPU
		{162A2B9D-A456-4779-A6C9-A19D6BF9C095}.Release|Any CPU.Build.0 = Release|Any CPU
		{C37983F7-672D-4C52-A1B9-C4D0C27FE8A2}.Debug|Any CPU.ActiveCfg = Debug|Any CPU
		{C37983F7-672D-4C52-A1B9-C4D0C27FE8A2}.Debug|Any CPU.Build.0 = Debug|Any CPU
		{C37983F7-672D-4C52-A1B9-C4D0C27FE8A2}.Release|Any CPU.ActiveCfg = Release|Any CPU
		{C37983F7-672D-4C52-A1B9-C4D0C27FE8A2}.Release|Any CPU.Build.0 = Release|Any CPU
	EndGlobalSection
	GlobalSection(SolutionProperties) = preSolution
		HideSolutionNode = FALSE
	EndGlobalSection
	GlobalSection(ExtensibilityGlobals) = postSolution
		SolutionGuid = {2B256089-B3DB-49B1-B1C3-55B344E6BAF3}
	EndGlobalSection
EndGlobal
